{
    "hash": "da3a9c481337cafb57cc3df74ecf8474",
    "packages": [
        {
            "name": "phly/phly-restfully",
            "version": "dev-master",
            "source": {
                "type": "git",
                "url": "https://github.com/weierophinney/PhlyRestfully",
                "reference": "f0ab3a782bf8092f9b4a4bfd7db2db6c14bc0c07"
            },
            "dist": {
                "type": "zip",
                "url": "https://api.github.com/repos/weierophinney/PhlyRestfully/zipball/f0ab3a782bf8092f9b4a4bfd7db2db6c14bc0c07",
                "reference": "f0ab3a782bf8092f9b4a4bfd7db2db6c14bc0c07",
                "shasum": ""
            },
            "require": {
                "php": ">=5.3.3",
                "zendframework/zend-eventmanager": "dev-master",
                "zendframework/zend-json": "dev-master",
                "zendframework/zend-loader": "dev-master",
                "zendframework/zend-mvc": "dev-master",
                "zendframework/zend-paginator": "dev-master",
                "zendframework/zend-stdlib": "dev-master",
                "zendframework/zend-view": "dev-master"
            },
            "time": "2013-02-10 15:14:07",
            "type": "library",
            "autoload": {
                "psr-0": {
                    "PhlyRestfully\\": "src/",
                    "PhlyRestfullyTest\\": "test/"
                },
                "classmap": [
                    "./"
                ]
            },
            "notification-url": "https://packagist.org/downloads/",
            "license": [
                "BSD-2-Clause"
            ],
            "authors": [
                {
                    "name": "Matthew Weier O'Phinney",
                    "email": "matthew@weierophinney.net",
                    "homepage": "http://mwop.net/"
                }
            ],
            "description": "ZF2 Module providing structure for RESTful resources",
            "homepage": "https://github.com/weierophinney/PhlyRestfully",
            "keywords": [
                "module",
                "rest",
                "zend",
                "zf2"
            ]
        },
        {
            "name": "phly/phly-simple-page",
            "version": "dev-master",
            "source": {
                "type": "git",
                "url": "https://github.com/weierophinney/PhlySimplePage",
                "reference": "3e1c324d81a9c679b579b1892a05a856ce190636"
            },
            "dist": {
                "type": "zip",
                "url": "https://api.github.com/repos/weierophinney/PhlySimplePage/zipball/3e1c324d81a9c679b579b1892a05a856ce190636",
                "reference": "3e1c324d81a9c679b579b1892a05a856ce190636",
                "shasum": ""
            },
            "require": {
                "php": ">=5.3.3",
                "zendframework/zend-console": "2.*",
                "zendframework/zend-eventmanager": "2.*",
                "zendframework/zend-http": "2.*",
                "zendframework/zend-mvc": "2.*",
                "zendframework/zend-stdlib": "2.*",
                "zendframework/zend-view": "2.*"
            },
            "require-dev": {
                "zendframework/zend-servicemanager": "2.*"
            },
            "time": "2012-12-15 20:59:15",
            "type": "library",
            "autoload": {
                "psr-0": {
                    "PhlySimplePage\\": "src/",
                    "PhlySimplePageTest\\": "test/"
                },
                "classmap": [
                    "./"
                ]
            },
            "notification-url": "https://packagist.org/downloads/",
            "authors": [
                {
                    "name": "Matthew Weier O'Phinney",
                    "email": "matthew@weierophinney.net",
                    "homepage": "http://mwop.net/"
                }
            ],
            "description": "ZF2 Module for easily creating static pages",
            "homepage": "https://github.com/weierophinney/PhlySimplePage",
            "keywords": [
                "module",
                "zend",
                "zf2"
            ]
        },
        {
            "name": "zendframework/zendframework",
            "version": "dev-master",
            "source": {
                "type": "git",
                "url": "git://github.com/zendframework/zf2.git",
                "reference": "d3d01e29b913f024114d9e1c5f7135149fec4c2f"
            },
            "dist": {
                "type": "zip",
                "url": "https://api.github.com/repos/zendframework/zf2/zipball/d3d01e29b913f024114d9e1c5f7135149fec4c2f",
                "reference": "d3d01e29b913f024114d9e1c5f7135149fec4c2f",
                "shasum": ""
            },
            "require": {
                "php": ">=5.3.3"
            },
            "replace": {
                "zendframework/zend-authentication": "self.version",
                "zendframework/zend-barcode": "self.version",
                "zendframework/zend-cache": "self.version",
                "zendframework/zend-captcha": "self.version",
                "zendframework/zend-code": "self.version",
                "zendframework/zend-config": "self.version",
                "zendframework/zend-console": "self.version",
                "zendframework/zend-crypt": "self.version",
                "zendframework/zend-db": "self.version",
                "zendframework/zend-debug": "self.version",
                "zendframework/zend-di": "self.version",
                "zendframework/zend-dom": "self.version",
                "zendframework/zend-escaper": "self.version",
                "zendframework/zend-eventmanager": "self.version",
                "zendframework/zend-feed": "self.version",
                "zendframework/zend-file": "self.version",
                "zendframework/zend-filter": "self.version",
                "zendframework/zend-form": "self.version",
                "zendframework/zend-http": "self.version",
                "zendframework/zend-i18n": "self.version",
                "zendframework/zend-inputfilter": "self.version",
                "zendframework/zend-json": "self.version",
                "zendframework/zend-ldap": "self.version",
                "zendframework/zend-loader": "self.version",
                "zendframework/zend-log": "self.version",
                "zendframework/zend-mail": "self.version",
                "zendframework/zend-math": "self.version",
                "zendframework/zend-memory": "self.version",
                "zendframework/zend-mime": "self.version",
                "zendframework/zend-modulemanager": "self.version",
                "zendframework/zend-mvc": "self.version",
                "zendframework/zend-navigation": "self.version",
                "zendframework/zend-paginator": "self.version",
                "zendframework/zend-permissions-acl": "self.version",
                "zendframework/zend-permissions-rbac": "self.version",
                "zendframework/zend-progressbar": "self.version",
                "zendframework/zend-serializer": "self.version",
                "zendframework/zend-server": "self.version",
                "zendframework/zend-servicemanager": "self.version",
                "zendframework/zend-session": "self.version",
                "zendframework/zend-soap": "self.version",
                "zendframework/zend-stdlib": "self.version",
                "zendframework/zend-tag": "self.version",
                "zendframework/zend-test": "self.version",
                "zendframework/zend-text": "self.version",
                "zendframework/zend-uri": "self.version",
                "zendframework/zend-validator": "self.version",
                "zendframework/zend-version": "self.version",
                "zendframework/zend-view": "self.version",
                "zendframework/zend-xmlrpc": "self.version"
            },
            "require-dev": {
                "doctrine/common": ">=2.1",
                "phpunit/phpunit": "3.7.*"
            },
            "suggest": {
                "doctrine/common": "Doctrine\\Common >=2.1 for annotation features",
                "ext-intl": "ext/intl for i18n features",
                "pecl-weakref": "Implementation of weak references for Zend\\Stdlib\\CallbackHandler",
                "zendframework/zendpdf": "ZendPdf for creating PDF representations of barcodes",
                "zendframework/zendservice-recaptcha": "ZendService\\ReCaptcha for rendering ReCaptchas in Zend\\Captcha and/or Zend\\Form"
            },
            "time": "2013-02-08 20:59:47",
            "bin": [
                "bin/classmap_generator.php"
            ],
            "type": "library",
            "extra": {
                "branch-alias": {
                    "dev-master": "2.1-dev",
                    "dev-develop": "2.2-dev"
                }
            },
            "autoload": {
                "psr-0": {
                    "Zend\\": "library/",
                    "ZendTest\\": "tests/"
                },
                "files": [
                    "library/Zend/Stdlib/compatibility/autoload.php",
                    "library/Zend/Session/compatibility/autoload.php"
                ]
            },
            "notification-url": "https://packagist.org/downloads/",
            "license": [
                "BSD-3-Clause"
            ],
            "description": "Zend Framework 2",
            "homepage": "http://framework.zend.com/",
            "keywords": [
                "framework",
                "zf2"
            ]
        }
    ],
    "packages-dev": null,
    "aliases": [

    ],
    "minimum-stability": "dev",
    "stability-flags": {
        "phly/phly-restfully": 20,
        "phly/phly-simple-page": 20
    }
}
